// !$*UTF8*$!
{
	archiveVersion = 1;
	classes = {
	};
	objectVersion = 50;
	objects = {

/* Begin PBXBuildFile section */
		B532A82F230DAF020055E6F7 /* AppDelegate.swift in Sources */ = {isa = PBXBuildFile; fileRef = B532A82E230DAF020055E6F7 /* AppDelegate.swift */; };
		B532A837230DAF020055E6F7 /* LocalizadorInalambrik.xcdatamodeld in Sources */ = {isa = PBXBuildFile; fileRef = B532A835230DAF020055E6F7 /* LocalizadorInalambrik.xcdatamodeld */; };
		B532A839230DAF040055E6F7 /* Assets.xcassets in Resources */ = {isa = PBXBuildFile; fileRef = B532A838230DAF040055E6F7 /* Assets.xcassets */; };
		B532A83C230DAF040055E6F7 /* LaunchScreen.storyboard in Resources */ = {isa = PBXBuildFile; fileRef = B532A83A230DAF040055E6F7 /* LaunchScreen.storyboard */; };
		B532A845230DB0F30055E6F7 /* LoginViewController.swift in Sources */ = {isa = PBXBuildFile; fileRef = B532A844230DB0F30055E6F7 /* LoginViewController.swift */; };
		B532A847230DB1910055E6F7 /* Main.storyboard in Resources */ = {isa = PBXBuildFile; fileRef = B532A846230DB1910055E6F7 /* Main.storyboard */; };
		B532A84C230DE2070055E6F7 /* LocationReportInfo.swift in Sources */ = {isa = PBXBuildFile; fileRef = B532A84B230DE2070055E6F7 /* LocationReportInfo.swift */; };
		B532A84E230DE4320055E6F7 /* CoreDataStack.swift in Sources */ = {isa = PBXBuildFile; fileRef = B532A84D230DE4320055E6F7 /* CoreDataStack.swift */; };
		B532A850230DE75C0055E6F7 /* User.swift in Sources */ = {isa = PBXBuildFile; fileRef = B532A84F230DE75C0055E6F7 /* User.swift */; };
		B532A852230DE7F40055E6F7 /* LocationReportInfo+CoreDataProperties.swift in Sources */ = {isa = PBXBuildFile; fileRef = B532A851230DE7F40055E6F7 /* LocationReportInfo+CoreDataProperties.swift */; };
		B532A854230DE8060055E6F7 /* User+CoreDataProperties.swift in Sources */ = {isa = PBXBuildFile; fileRef = B532A853230DE8060055E6F7 /* User+CoreDataProperties.swift */; };
		B532A856230DF3CF0055E6F7 /* QueryUtilities.swift in Sources */ = {isa = PBXBuildFile; fileRef = B532A855230DF3CF0055E6F7 /* QueryUtilities.swift */; };
		B532A85B230F082F0055E6F7 /* ViewControllerUtilities.swift in Sources */ = {isa = PBXBuildFile; fileRef = B532A85A230F082F0055E6F7 /* ViewControllerUtilities.swift */; };
		B532A85D230F20110055E6F7 /* JSONStructures.swift in Sources */ = {isa = PBXBuildFile; fileRef = B532A85C230F20110055E6F7 /* JSONStructures.swift */; };
		B532A866230F38080055E6F7 /* CustomObject.h.m in Sources */ = {isa = PBXBuildFile; fileRef = B532A865230F38080055E6F7 /* CustomObject.h.m */; };
		B532A869230F55660055E6F7 /* Client.swift in Sources */ = {isa = PBXBuildFile; fileRef = B532A868230F55660055E6F7 /* Client.swift */; };
		B532A86F2310508B0055E6F7 /* DeviceUtilities.swift in Sources */ = {isa = PBXBuildFile; fileRef = B532A86E2310508B0055E6F7 /* DeviceUtilities.swift */; };
		B532A87223105B0C0055E6F7 /* LocationReportViewController.swift in Sources */ = {isa = PBXBuildFile; fileRef = B532A87123105B0C0055E6F7 /* LocationReportViewController.swift */; };
		B594C53B23679FC6007690D8 /* LocationBackgroundServiceTask.swift in Sources */ = {isa = PBXBuildFile; fileRef = B594C53A23679FC6007690D8 /* LocationBackgroundServiceTask.swift */; };
		B594C5402367CAD2007690D8 /* INLLocationManager.swift in Sources */ = {isa = PBXBuildFile; fileRef = B594C53F2367CAD2007690D8 /* INLLocationManager.swift */; };
		B594C5422367CC8B007690D8 /* INLLocationTracking.swift in Sources */ = {isa = PBXBuildFile; fileRef = B594C5412367CC8B007690D8 /* INLLocationTracking.swift */; };
		B5D45632231EFD7400138CC5 /* LocationServiceTask.swift in Sources */ = {isa = PBXBuildFile; fileRef = B5D45631231EFD7400138CC5 /* LocationServiceTask.swift */; };
		B5D4563C231F1AE400138CC5 /* ic_launcher.png in Resources */ = {isa = PBXBuildFile; fileRef = B5D4563B231F1AE400138CC5 /* ic_launcher.png */; };
		B5F53D262315F4640034E43A /* LocationUtilities.swift in Sources */ = {isa = PBXBuildFile; fileRef = B5F53D252315F4640034E43A /* LocationUtilities.swift */; };
		B5F53D2823171B090034E43A /* LocationPermissionsWarning.swift in Sources */ = {isa = PBXBuildFile; fileRef = B5F53D2723171B090034E43A /* LocationPermissionsWarning.swift */; };
		B5F53D2C23183B490034E43A /* ConstantsController.swift in Sources */ = {isa = PBXBuildFile; fileRef = B5F53D2B23183B490034E43A /* ConstantsController.swift */; };
/* End PBXBuildFile section */

/* Begin PBXFileReference section */
		B532A82B230DAF020055E6F7 /* Localizador.app */ = {isa = PBXFileReference; explicitFileType = wrapper.application; includeInIndex = 0; path = Localizador.app; sourceTree = BUILT_PRODUCTS_DIR; };
		B532A82E230DAF020055E6F7 /* AppDelegate.swift */ = {isa = PBXFileReference; lastKnownFileType = sourcecode.swift; path = AppDelegate.swift; sourceTree = "<group>"; };
		B532A836230DAF020055E6F7 /* LocalizadorInalambrik.xcdatamodel */ = {isa = PBXFileReference; lastKnownFileType = wrapper.xcdatamodel; path = LocalizadorInalambrik.xcdatamodel; sourceTree = "<group>"; };
		B532A838230DAF040055E6F7 /* Assets.xcassets */ = {isa = PBXFileReference; lastKnownFileType = folder.assetcatalog; path = Assets.xcassets; sourceTree = "<group>"; };
		B532A83B230DAF040055E6F7 /* Base */ = {isa = PBXFileReference; lastKnownFileType = file.storyboard; name = Base; path = Base.lproj/LaunchScreen.storyboard; sourceTree = "<group>"; };
		B532A83D230DAF040055E6F7 /* Info.plist */ = {isa = PBXFileReference; lastKnownFileType = text.plist.xml; path = Info.plist; sourceTree = "<group>"; };
		B532A844230DB0F30055E6F7 /* LoginViewController.swift */ = {isa = PBXFileReference; lastKnownFileType = sourcecode.swift; path = LoginViewController.swift; sourceTree = "<group>"; };
		B532A846230DB1910055E6F7 /* Main.storyboard */ = {isa = PBXFileReference; lastKnownFileType = file.storyboard; path = Main.storyboard; sourceTree = "<group>"; };
		B532A84B230DE2070055E6F7 /* LocationReportInfo.swift */ = {isa = PBXFileReference; lastKnownFileType = sourcecode.swift; path = LocationReportInfo.swift; sourceTree = "<group>"; };
		B532A84D230DE4320055E6F7 /* CoreDataStack.swift */ = {isa = PBXFileReference; lastKnownFileType = sourcecode.swift; path = CoreDataStack.swift; sourceTree = "<group>"; };
		B532A84F230DE75C0055E6F7 /* User.swift */ = {isa = PBXFileReference; lastKnownFileType = sourcecode.swift; path = User.swift; sourceTree = "<group>"; };
		B532A851230DE7F40055E6F7 /* LocationReportInfo+CoreDataProperties.swift */ = {isa = PBXFileReference; lastKnownFileType = sourcecode.swift; path = "LocationReportInfo+CoreDataProperties.swift"; sourceTree = "<group>"; };
		B532A853230DE8060055E6F7 /* User+CoreDataProperties.swift */ = {isa = PBXFileReference; lastKnownFileType = sourcecode.swift; path = "User+CoreDataProperties.swift"; sourceTree = "<group>"; };
		B532A855230DF3CF0055E6F7 /* QueryUtilities.swift */ = {isa = PBXFileReference; lastKnownFileType = sourcecode.swift; path = QueryUtilities.swift; sourceTree = "<group>"; };
		B532A85A230F082F0055E6F7 /* ViewControllerUtilities.swift */ = {isa = PBXFileReference; lastKnownFileType = sourcecode.swift; path = ViewControllerUtilities.swift; sourceTree = "<group>"; };
		B532A85C230F20110055E6F7 /* JSONStructures.swift */ = {isa = PBXFileReference; lastKnownFileType = sourcecode.swift; path = JSONStructures.swift; sourceTree = "<group>"; };
		B532A85E230F305C0055E6F7 /* LocalizadorMovil.entitlements */ = {isa = PBXFileReference; fileEncoding = 4; lastKnownFileType = text.plist.entitlements; path = LocalizadorMovil.entitlements; sourceTree = "<group>"; };
		B532A864230F38080055E6F7 /* CustomObject.h */ = {isa = PBXFileReference; lastKnownFileType = sourcecode.c.h; path = CustomObject.h; sourceTree = "<group>"; };
		B532A865230F38080055E6F7 /* CustomObject.h.m */ = {isa = PBXFileReference; lastKnownFileType = sourcecode.c.objc; path = CustomObject.h.m; sourceTree = "<group>"; };
		B532A867230F382F0055E6F7 /* LocalizadorInalambrik-Bridging-Header.h */ = {isa = PBXFileReference; lastKnownFileType = sourcecode.c.h; path = "LocalizadorInalambrik-Bridging-Header.h"; sourceTree = "<group>"; };
		B532A868230F55660055E6F7 /* Client.swift */ = {isa = PBXFileReference; lastKnownFileType = sourcecode.swift; path = Client.swift; sourceTree = "<group>"; };
		B532A86E2310508B0055E6F7 /* DeviceUtilities.swift */ = {isa = PBXFileReference; lastKnownFileType = sourcecode.swift; path = DeviceUtilities.swift; sourceTree = "<group>"; };
		B532A87123105B0C0055E6F7 /* LocationReportViewController.swift */ = {isa = PBXFileReference; lastKnownFileType = sourcecode.swift; path = LocationReportViewController.swift; sourceTree = "<group>"; };
		B594C53A23679FC6007690D8 /* LocationBackgroundServiceTask.swift */ = {isa = PBXFileReference; lastKnownFileType = sourcecode.swift; path = LocationBackgroundServiceTask.swift; sourceTree = "<group>"; };
		B594C53F2367CAD2007690D8 /* INLLocationManager.swift */ = {isa = PBXFileReference; lastKnownFileType = sourcecode.swift; path = INLLocationManager.swift; sourceTree = "<group>"; };
		B594C5412367CC8B007690D8 /* INLLocationTracking.swift */ = {isa = PBXFileReference; lastKnownFileType = sourcecode.swift; path = INLLocationTracking.swift; sourceTree = "<group>"; };
		B5B3E2662368954700C2D5AE /* St_Louis_Zoo_sample.gpx */ = {isa = PBXFileReference; lastKnownFileType = text.xml; name = St_Louis_Zoo_sample.gpx; path = ../../../../Downloads/St_Louis_Zoo_sample.gpx; sourceTree = "<group>"; };
		B5D45631231EFD7400138CC5 /* LocationServiceTask.swift */ = {isa = PBXFileReference; lastKnownFileType = sourcecode.swift; path = LocationServiceTask.swift; sourceTree = "<group>"; };
		B5D4563B231F1AE400138CC5 /* ic_launcher.png */ = {isa = PBXFileReference; lastKnownFileType = image.png; name = ic_launcher.png; path = ../../../../../Desktop/IconoClaroParaLocalizador/ic_launcher.png; sourceTree = "<group>"; };
		B5F53D252315F4640034E43A /* LocationUtilities.swift */ = {isa = PBXFileReference; lastKnownFileType = sourcecode.swift; path = LocationUtilities.swift; sourceTree = "<group>"; };
		B5F53D2723171B090034E43A /* LocationPermissionsWarning.swift */ = {isa = PBXFileReference; lastKnownFileType = sourcecode.swift; path = LocationPermissionsWarning.swift; sourceTree = "<group>"; };
		B5F53D2B23183B490034E43A /* ConstantsController.swift */ = {isa = PBXFileReference; lastKnownFileType = sourcecode.swift; path = ConstantsController.swift; sourceTree = "<group>"; };
		B5F53D2F23197CE80034E43A /* LocalizadorInalambrik.entitlements */ = {isa = PBXFileReference; lastKnownFileType = text.plist.entitlements; path = LocalizadorInalambrik.entitlements; sourceTree = "<group>"; };
/* End PBXFileReference section */

/* Begin PBXFrameworksBuildPhase section */
		B532A828230DAF020055E6F7 /* Frameworks */ = {
			isa = PBXFrameworksBuildPhase;
			buildActionMask = 2147483647;
			files = (
			);
			runOnlyForDeploymentPostprocessing = 0;
		};
/* End PBXFrameworksBuildPhase section */

/* Begin PBXGroup section */
		B532A822230DAF020055E6F7 = {
			isa = PBXGroup;
			children = (
				B5B3E2662368954700C2D5AE /* St_Louis_Zoo_sample.gpx */,
				B532A82D230DAF020055E6F7 /* LocalizadorInalambrik */,
				B532A82C230DAF020055E6F7 /* Products */,
			);
			sourceTree = "<group>";
		};
		B532A82C230DAF020055E6F7 /* Products */ = {
			isa = PBXGroup;
			children = (
				B532A82B230DAF020055E6F7 /* Localizador.app */,
			);
			name = Products;
			sourceTree = "<group>";
		};
		B532A82D230DAF020055E6F7 /* LocalizadorInalambrik */ = {
			isa = PBXGroup;
			children = (
				B594C53C2367CA0D007690D8 /* AdaptFromProject */,
				B5F53D2F23197CE80034E43A /* LocalizadorInalambrik.entitlements */,
				B5F53D242315F4530034E43A /* LocationUtilities */,
				B532A870231050940055E6F7 /* DeviceUtilities */,
				B532A85F230F373E0055E6F7 /* ObjectiveC Utilities */,
				B532A85E230F305C0055E6F7 /* LocalizadorMovil.entitlements */,
				B532A857230E01ED0055E6F7 /* ClientWebServiceUtilities */,
				B532A84A230DCF960055E6F7 /* DatabaseUtilities */,
				B532A843230DAF5C0055E6F7 /* ViewControllers */,
				B532A82E230DAF020055E6F7 /* AppDelegate.swift */,
				B5D4563B231F1AE400138CC5 /* ic_launcher.png */,
				B532A838230DAF040055E6F7 /* Assets.xcassets */,
				B532A83A230DAF040055E6F7 /* LaunchScreen.storyboard */,
				B532A83D230DAF040055E6F7 /* Info.plist */,
				B532A835230DAF020055E6F7 /* LocalizadorInalambrik.xcdatamodeld */,
				B532A846230DB1910055E6F7 /* Main.storyboard */,
			);
			path = LocalizadorInalambrik;
			sourceTree = "<group>";
		};
		B532A843230DAF5C0055E6F7 /* ViewControllers */ = {
			isa = PBXGroup;
			children = (
				B532A844230DB0F30055E6F7 /* LoginViewController.swift */,
				B532A85A230F082F0055E6F7 /* ViewControllerUtilities.swift */,
				B532A87123105B0C0055E6F7 /* LocationReportViewController.swift */,
				B5F53D2723171B090034E43A /* LocationPermissionsWarning.swift */,
			);
			path = ViewControllers;
			sourceTree = "<group>";
		};
		B532A84A230DCF960055E6F7 /* DatabaseUtilities */ = {
			isa = PBXGroup;
			children = (
				B532A84B230DE2070055E6F7 /* LocationReportInfo.swift */,
				B532A84D230DE4320055E6F7 /* CoreDataStack.swift */,
				B532A84F230DE75C0055E6F7 /* User.swift */,
				B532A851230DE7F40055E6F7 /* LocationReportInfo+CoreDataProperties.swift */,
				B532A853230DE8060055E6F7 /* User+CoreDataProperties.swift */,
				B532A855230DF3CF0055E6F7 /* QueryUtilities.swift */,
				B5F53D2B23183B490034E43A /* ConstantsController.swift */,
			);
			path = DatabaseUtilities;
			sourceTree = "<group>";
		};
		B532A857230E01ED0055E6F7 /* ClientWebServiceUtilities */ = {
			isa = PBXGroup;
			children = (
				B532A85C230F20110055E6F7 /* JSONStructures.swift */,
				B532A868230F55660055E6F7 /* Client.swift */,
			);
			path = ClientWebServiceUtilities;
			sourceTree = "<group>";
		};
		B532A85F230F373E0055E6F7 /* ObjectiveC Utilities */ = {
			isa = PBXGroup;
			children = (
				B532A864230F38080055E6F7 /* CustomObject.h */,
				B532A865230F38080055E6F7 /* CustomObject.h.m */,
				B532A867230F382F0055E6F7 /* LocalizadorInalambrik-Bridging-Header.h */,
			);
			path = "ObjectiveC Utilities";
			sourceTree = "<group>";
		};
		B532A870231050940055E6F7 /* DeviceUtilities */ = {
			isa = PBXGroup;
			children = (
				B532A86E2310508B0055E6F7 /* DeviceUtilities.swift */,
			);
			path = DeviceUtilities;
			sourceTree = "<group>";
		};
		B594C53C2367CA0D007690D8 /* AdaptFromProject */ = {
			isa = PBXGroup;
			children = (
				B594C53F2367CAD2007690D8 /* INLLocationManager.swift */,
				B594C5412367CC8B007690D8 /* INLLocationTracking.swift */,
			);
			path = AdaptFromProject;
			sourceTree = "<group>";
		};
		B5F53D242315F4530034E43A /* LocationUtilities */ = {
			isa = PBXGroup;
			children = (
				B5F53D252315F4640034E43A /* LocationUtilities.swift */,
				B5D45631231EFD7400138CC5 /* LocationServiceTask.swift */,
				B594C53A23679FC6007690D8 /* LocationBackgroundServiceTask.swift */,
			);
			path = LocationUtilities;
			sourceTree = "<group>";
		};
/* End PBXGroup section */

/* Begin PBXNativeTarget section */
		B532A82A230DAF020055E6F7 /* LocalizadorInalambrik */ = {
			isa = PBXNativeTarget;
			buildConfigurationList = B532A840230DAF040055E6F7 /* Build configuration list for PBXNativeTarget "LocalizadorInalambrik" */;
			buildPhases = (
				B532A827230DAF020055E6F7 /* Sources */,
				B532A828230DAF020055E6F7 /* Frameworks */,
				B532A829230DAF020055E6F7 /* Resources */,
			);
			buildRules = (
			);
			dependencies = (
			);
			name = LocalizadorInalambrik;
			productName = LocalizadorInalambrik;
			productReference = B532A82B230DAF020055E6F7 /* Localizador.app */;
			productType = "com.apple.product-type.application";
		};
/* End PBXNativeTarget section */

/* Begin PBXProject section */
		B532A823230DAF020055E6F7 /* Project object */ = {
			isa = PBXProject;
			attributes = {
				LastSwiftUpdateCheck = 0940;
				LastUpgradeCheck = 0940;
				ORGANIZATIONNAME = Inalambrilk;
				TargetAttributes = {
					B532A82A230DAF020055E6F7 = {
						CreatedOnToolsVersion = 9.4.1;
						LastSwiftMigration = 0940;
						SystemCapabilities = {
							com.apple.BackgroundModes = {
								enabled = 1;
							};
							com.apple.Push = {
								enabled = 1;
							};
						};
					};
				};
			};
			buildConfigurationList = B532A826230DAF020055E6F7 /* Build configuration list for PBXProject "LocalizadorInalambrik" */;
			compatibilityVersion = "Xcode 9.3";
			developmentRegion = en;
			hasScannedForEncodings = 0;
			knownRegions = (
				en,
				Base,
			);
			mainGroup = B532A822230DAF020055E6F7;
			productRefGroup = B532A82C230DAF020055E6F7 /* Products */;
			projectDirPath = "";
			projectRoot = "";
			targets = (
				B532A82A230DAF020055E6F7 /* LocalizadorInalambrik */,
			);
		};
/* End PBXProject section */

/* Begin PBXResourcesBuildPhase section */
		B532A829230DAF020055E6F7 /* Resources */ = {
			isa = PBXResourcesBuildPhase;
			buildActionMask = 2147483647;
			files = (
				B532A847230DB1910055E6F7 /* Main.storyboard in Resources */,
				B532A83C230DAF040055E6F7 /* LaunchScreen.storyboard in Resources */,
				B532A839230DAF040055E6F7 /* Assets.xcassets in Resources */,
				B5D4563C231F1AE400138CC5 /* ic_launcher.png in Resources */,
			);
			runOnlyForDeploymentPostprocessing = 0;
		};
/* End PBXResourcesBuildPhase section */

/* Begin PBXSourcesBuildPhase section */
		B532A827230DAF020055E6F7 /* Sources */ = {
			isa = PBXSourcesBuildPhase;
			buildActionMask = 2147483647;
			files = (
				B594C5402367CAD2007690D8 /* INLLocationManager.swift in Sources */,
				B532A866230F38080055E6F7 /* CustomObject.h.m in Sources */,
				B5D45632231EFD7400138CC5 /* LocationServiceTask.swift in Sources */,
				B532A84E230DE4320055E6F7 /* CoreDataStack.swift in Sources */,
				B5F53D2823171B090034E43A /* LocationPermissionsWarning.swift in Sources */,
				B532A85D230F20110055E6F7 /* JSONStructures.swift in Sources */,
				B532A852230DE7F40055E6F7 /* LocationReportInfo+CoreDataProperties.swift in Sources */,
				B532A845230DB0F30055E6F7 /* LoginViewController.swift in Sources */,
				B594C53B23679FC6007690D8 /* LocationBackgroundServiceTask.swift in Sources */,
				B532A87223105B0C0055E6F7 /* LocationReportViewController.swift in Sources */,
				B532A837230DAF020055E6F7 /* LocalizadorInalambrik.xcdatamodeld in Sources */,
				B5F53D262315F4640034E43A /* LocationUtilities.swift in Sources */,
				B532A869230F55660055E6F7 /* Client.swift in Sources */,
				B532A85B230F082F0055E6F7 /* ViewControllerUtilities.swift in Sources */,
				B532A850230DE75C0055E6F7 /* User.swift in Sources */,
				B594C5422367CC8B007690D8 /* INLLocationTracking.swift in Sources */,
				B532A856230DF3CF0055E6F7 /* QueryUtilities.swift in Sources */,
				B532A82F230DAF020055E6F7 /* AppDelegate.swift in Sources */,
				B532A86F2310508B0055E6F7 /* DeviceUtilities.swift in Sources */,
				B532A84C230DE2070055E6F7 /* LocationReportInfo.swift in Sources */,
				B532A854230DE8060055E6F7 /* User+CoreDataProperties.swift in Sources */,
				B5F53D2C23183B490034E43A /* ConstantsController.swift in Sources */,
			);
			runOnlyForDeploymentPostprocessing = 0;
		};
/* End PBXSourcesBuildPhase section */

/* Begin PBXVariantGroup section */
		B532A83A230DAF040055E6F7 /* LaunchScreen.storyboard */ = {
			isa = PBXVariantGroup;
			children = (
				B532A83B230DAF040055E6F7 /* Base */,
			);
			name = LaunchScreen.storyboard;
			sourceTree = "<group>";
		};
/* End PBXVariantGroup section */

/* Begin XCBuildConfiguration section */
		B532A83E230DAF040055E6F7 /* Debug */ = {
			isa = XCBuildConfiguration;
			buildSettings = {
				ALWAYS_SEARCH_USER_PATHS = NO;
				CLANG_ANALYZER_NONNULL = YES;
				CLANG_ANALYZER_NUMBER_OBJECT_CONVERSION = YES_AGGRESSIVE;
				CLANG_CXX_LANGUAGE_STANDARD = "gnu++14";
				CLANG_CXX_LIBRARY = "libc++";
				CLANG_ENABLE_MODULES = YES;
				CLANG_ENABLE_OBJC_ARC = YES;
				CLANG_ENABLE_OBJC_WEAK = YES;
				CLANG_WARN_BLOCK_CAPTURE_AUTORELEASING = YES;
				CLANG_WARN_BOOL_CONVERSION = YES;
				CLANG_WARN_COMMA = YES;
				CLANG_WARN_CONSTANT_CONVERSION = YES;
				CLANG_WARN_DEPRECATED_OBJC_IMPLEMENTATIONS = YES;
				CLANG_WARN_DIRECT_OBJC_ISA_USAGE = YES_ERROR;
				CLANG_WARN_DOCUMENTATION_COMMENTS = YES;
				CLANG_WARN_EMPTY_BODY = YES;
				CLANG_WARN_ENUM_CONVERSION = YES;
				CLANG_WARN_INFINITE_RECURSION = YES;
				CLANG_WARN_INT_CONVERSION = YES;
				CLANG_WARN_NON_LITERAL_NULL_CONVERSION = YES;
				CLANG_WARN_OBJC_IMPLICIT_RETAIN_SELF = YES;
				CLANG_WARN_OBJC_LITERAL_CONVERSION = YES;
				CLANG_WARN_OBJC_ROOT_CLASS = YES_ERROR;
				CLANG_WARN_RANGE_LOOP_ANALYSIS = YES;
				CLANG_WARN_STRICT_PROTOTYPES = YES;
				CLANG_WARN_SUSPICIOUS_MOVE = YES;
				CLANG_WARN_UNGUARDED_AVAILABILITY = YES_AGGRESSIVE;
				CLANG_WARN_UNREACHABLE_CODE = YES;
				CLANG_WARN__DUPLICATE_METHOD_MATCH = YES;
				CODE_SIGN_IDENTITY = "iPhone Developer";
				COPY_PHASE_STRIP = NO;
				DEBUG_INFORMATION_FORMAT = dwarf;
				ENABLE_STRICT_OBJC_MSGSEND = YES;
				ENABLE_TESTABILITY = YES;
				GCC_C_LANGUAGE_STANDARD = gnu11;
				GCC_DYNAMIC_NO_PIC = NO;
				GCC_NO_COMMON_BLOCKS = YES;
				GCC_OPTIMIZATION_LEVEL = 0;
				GCC_PREPROCESSOR_DEFINITIONS = (
					"DEBUG=1",
					"$(inherited)",
				);
				GCC_WARN_64_TO_32_BIT_CONVERSION = YES;
				GCC_WARN_ABOUT_RETURN_TYPE = YES_ERROR;
				GCC_WARN_UNDECLARED_SELECTOR = YES;
				GCC_WARN_UNINITIALIZED_AUTOS = YES_AGGRESSIVE;
				GCC_WARN_UNUSED_FUNCTION = YES;
				GCC_WARN_UNUSED_VARIABLE = YES;
				IPHONEOS_DEPLOYMENT_TARGET = 10.0;
				MTL_ENABLE_DEBUG_INFO = YES;
				ONLY_ACTIVE_ARCH = YES;
				SDKROOT = iphoneos;
				SWIFT_ACTIVE_COMPILATION_CONDITIONS = DEBUG;
				SWIFT_OPTIMIZATION_LEVEL = "-Onone";
			};
			name = Debug;
		};
		B532A83F230DAF040055E6F7 /* Release */ = {
			isa = XCBuildConfiguration;
			buildSettings = {
				ALWAYS_SEARCH_USER_PATHS = NO;
				CLANG_ANALYZER_NONNULL = YES;
				CLANG_ANALYZER_NUMBER_OBJECT_CONVERSION = YES_AGGRESSIVE;
				CLANG_CXX_LANGUAGE_STANDARD = "gnu++14";
				CLANG_CXX_LIBRARY = "libc++";
				CLANG_ENABLE_MODULES = YES;
				CLANG_ENABLE_OBJC_ARC = YES;
				CLANG_ENABLE_OBJC_WEAK = YES;
				CLANG_WARN_BLOCK_CAPTURE_AUTORELEASING = YES;
				CLANG_WARN_BOOL_CONVERSION = YES;
				CLANG_WARN_COMMA = YES;
				CLANG_WARN_CONSTANT_CONVERSION = YES;
				CLANG_WARN_DEPRECATED_OBJC_IMPLEMENTATIONS = YES;
				CLANG_WARN_DIRECT_OBJC_ISA_USAGE = YES_ERROR;
				CLANG_WARN_DOCUMENTATION_COMMENTS = YES;
				CLANG_WARN_EMPTY_BODY = YES;
				CLANG_WARN_ENUM_CONVERSION = YES;
				CLANG_WARN_INFINITE_RECURSION = YES;
				CLANG_WARN_INT_CONVERSION = YES;
				CLANG_WARN_NON_LITERAL_NULL_CONVERSION = YES;
				CLANG_WARN_OBJC_IMPLICIT_RETAIN_SELF = YES;
				CLANG_WARN_OBJC_LITERAL_CONVERSION = YES;
				CLANG_WARN_OBJC_ROOT_CLASS = YES_ERROR;
				CLANG_WARN_RANGE_LOOP_ANALYSIS = YES;
				CLANG_WARN_STRICT_PROTOTYPES = YES;
				CLANG_WARN_SUSPICIOUS_MOVE = YES;
				CLANG_WARN_UNGUARDED_AVAILABILITY = YES_AGGRESSIVE;
				CLANG_WARN_UNREACHABLE_CODE = YES;
				CLANG_WARN__DUPLICATE_METHOD_MATCH = YES;
				CODE_SIGN_IDENTITY = "iPhone Developer";
				COPY_PHASE_STRIP = NO;
				DEBUG_INFORMATION_FORMAT = "dwarf-with-dsym";
				ENABLE_NS_ASSERTIONS = NO;
				ENABLE_STRICT_OBJC_MSGSEND = YES;
				GCC_C_LANGUAGE_STANDARD = gnu11;
				GCC_NO_COMMON_BLOCKS = YES;
				GCC_WARN_64_TO_32_BIT_CONVERSION = YES;
				GCC_WARN_ABOUT_RETURN_TYPE = YES_ERROR;
				GCC_WARN_UNDECLARED_SELECTOR = YES;
				GCC_WARN_UNINITIALIZED_AUTOS = YES_AGGRESSIVE;
				GCC_WARN_UNUSED_FUNCTION = YES;
				GCC_WARN_UNUSED_VARIABLE = YES;
				IPHONEOS_DEPLOYMENT_TARGET = 10.0;
				MTL_ENABLE_DEBUG_INFO = NO;
				SDKROOT = iphoneos;
				SWIFT_COMPILATION_MODE = wholemodule;
				SWIFT_OPTIMIZATION_LEVEL = "-O";
				VALIDATE_PRODUCT = YES;
			};
			name = Release;
		};
		B532A841230DAF040055E6F7 /* Debug */ = {
			isa = XCBuildConfiguration;
			buildSettings = {
				ASSETCATALOG_COMPILER_APPICON_NAME = AppIcon;
				CLANG_ENABLE_MODULES = YES;
				CODE_SIGN_ENTITLEMENTS = LocalizadorInalambrik/LocalizadorInalambrik.entitlements;
				CODE_SIGN_STYLE = Automatic;
				CURRENT_PROJECT_VERSION = 4;
				DEVELOPMENT_TEAM = 973ZT8Y397;
				INFOPLIST_FILE = LocalizadorInalambrik/Info.plist;
				IPHONEOS_DEPLOYMENT_TARGET = 10.0;
				LD_RUNPATH_SEARCH_PATHS = (
					"$(inherited)",
					"@executable_path/Frameworks",
				);
				MARKETING_VERSION = 3.2;
				PRODUCT_BUNDLE_IDENTIFIER = ec.com.inalambrik.localizadormovil;
				PRODUCT_NAME = Localizador;
				SWIFT_OBJC_BRIDGING_HEADER = "LocalizadorInalambrik/ObjectiveC Utilities/LocalizadorInalambrik-Bridging-Header.h";
				SWIFT_OPTIMIZATION_LEVEL = "-Onone";
				SWIFT_VERSION = 4.0;
				TARGETED_DEVICE_FAMILY = "1,2";
			};
			name = Debug;
		};
		B532A842230DAF040055E6F7 /* Release */ = {
			isa = XCBuildConfiguration;
			buildSettings = {
				ASSETCATALOG_COMPILER_APPICON_NAME = AppIcon;
				CLANG_ENABLE_MODULES = YES;
				CODE_SIGN_ENTITLEMENTS = LocalizadorInalambrik/LocalizadorInalambrik.entitlements;
				CODE_SIGN_STYLE = Automatic;
				CURRENT_PROJECT_VERSION = 4;
				DEVELOPMENT_TEAM = 973ZT8Y397;
				INFOPLIST_FILE = LocalizadorInalambrik/Info.plist;
				IPHONEOS_DEPLOYMENT_TARGET = 10.0;
				LD_RUNPATH_SEARCH_PATHS = (
					"$(inherited)",
					"@executable_path/Frameworks",
				);
				MARKETING_VERSION = 3.2;
				PRODUCT_BUNDLE_IDENTIFIER = ec.com.inalambrik.localizadormovil;
				PRODUCT_NAME = Localizador;
				SWIFT_OBJC_BRIDGING_HEADER = "LocalizadorInalambrik/ObjectiveC Utilities/LocalizadorInalambrik-Bridging-Header.h";
				SWIFT_VERSION = 4.0;
				TARGETED_DEVICE_FAMILY = "1,2";
			};
			name = Release;
		};
/* End XCBuildConfiguration section */

/* Begin XCConfigurationList section */
		B532A826230DAF020055E6F7 /* Build configuration list for PBXProject "LocalizadorInalambrik" */ = {
			isa = XCConfigurationList;
			buildConfigurations = (
				B532A83E230DAF040055E6F7 /* Debug */,
				B532A83F230DAF040055E6F7 /* Release */,
			);
			defaultConfigurationIsVisible = 0;
			defaultConfigurationName = Release;
		};
		B532A840230DAF040055E6F7 /* Build configuration list for PBXNativeTarget "LocalizadorInalambrik" */ = {
			isa = XCConfigurationList;
			buildConfigurations = (
				B532A841230DAF040055E6F7 /* Debug */,
				B532A842230DAF040055E6F7 /* Release */,
			);
			defaultConfigurationIsVisible = 0;
			defaultConfigurationName = Release;
		};
/* End XCConfigurationList section */

/* Begin XCVersionGroup section */
		B532A835230DAF020055E6F7 /* LocalizadorInalambrik.xcdatamodeld */ = {
			isa = XCVersionGroup;
			children = (
				B532A836230DAF020055E6F7 /* LocalizadorInalambrik.xcdatamodel */,
			);
			currentVersion = B532A836230DAF020055E6F7 /* LocalizadorInalambrik.xcdatamodel */;
			path = LocalizadorInalambrik.xcdatamodeld;
			sourceTree = "<group>";
			versionGroupType = wrapper.xcdatamodel;
		};
/* End XCVersionGroup section */
	};
	rootObject = B532A823230DAF020055E6F7 /* Project object */;
}
